// !$*UTF8*$!
{
	archiveVersion = 1;
	classes = {
	};
	objectVersion = 46;
	objects = {

/* Begin PBXBuildFile section */
		370F1303185F75BA00810F2F /* GTWAOFRawValue.m in Sources */ = {isa = PBXBuildFile; fileRef = 370F1301185F75BA00810F2F /* GTWAOFRawValue.m */; };
		372CC39818665A4100265B32 /* GTWAOF_BTree_Tests.m in Sources */ = {isa = PBXBuildFile; fileRef = 372CC39718665A4100265B32 /* GTWAOF_BTree_Tests.m */; };
		37527E7318553F5B0085556E /* CoreFoundation.framework in Frameworks */ = {isa = PBXBuildFile; fileRef = 37527E52185510CC0085556E /* CoreFoundation.framework */; };
		37527E7C18553F670085556E /* GTWAOFUpdateContext.m in Sources */ = {isa = PBXBuildFile; fileRef = 37527E6C18552F6D0085556E /* GTWAOFUpdateContext.m */; };
		37527E7D18553F670085556E /* GTWAOFDirectFile.m in Sources */ = {isa = PBXBuildFile; fileRef = 37527E691855177C0085556E /* GTWAOFDirectFile.m */; };
		37527E7E18553F670085556E /* GTWAOFPage.m in Sources */ = {isa = PBXBuildFile; fileRef = 37527E66185515C10085556E /* GTWAOFPage.m */; };
		37527E82185584320085556E /* GTWAOFRawDictionary.m in Sources */ = {isa = PBXBuildFile; fileRef = 37527E80185584270085556E /* GTWAOFRawDictionary.m */; };
		37527E8518558CE20085556E /* gtwaof.m in Sources */ = {isa = PBXBuildFile; fileRef = 37527E8318558CE20085556E /* gtwaof.m */; };
		37527E8C18564C2F0085556E /* libz.dylib in Frameworks */ = {isa = PBXBuildFile; fileRef = 37527E8A18564C2A0085556E /* libz.dylib */; };
		37527E8D18564C3B0085556E /* GTWSWBase.framework in Frameworks */ = {isa = PBXBuildFile; fileRef = 37527E60185510F20085556E /* GTWSWBase.framework */; };
		37527E8E18564C3B0085556E /* SPARQLKit.framework in Frameworks */ = {isa = PBXBuildFile; fileRef = 37527E61185510F20085556E /* SPARQLKit.framework */; };
		37527E9218564EE80085556E /* GTWAOFRawQuads.m in Sources */ = {isa = PBXBuildFile; fileRef = 37527E9018564EE80085556E /* GTWAOFRawQuads.m */; };
		37527E96185682D20085556E /* GTWAOFQuadStore.m in Sources */ = {isa = PBXBuildFile; fileRef = 37527E94185682D20085556E /* GTWAOFQuadStore.m */; };
		37528E83186F75A2004C5C1B /* GTWAOFMemory.m in Sources */ = {isa = PBXBuildFile; fileRef = 37528E81186F75A2004C5C1B /* GTWAOFMemory.m */; };
		37528E84186F75A2004C5C1B /* GTWAOFMemory.m in Sources */ = {isa = PBXBuildFile; fileRef = 37528E81186F75A2004C5C1B /* GTWAOFMemory.m */; };
		37528E8D186F7DFE004C5C1B /* GTWTermIDGenerator.m in Sources */ = {isa = PBXBuildFile; fileRef = 37528E8B186F7DFE004C5C1B /* GTWTermIDGenerator.m */; };
		37528E8E186F7DFE004C5C1B /* GTWTermIDGenerator.m in Sources */ = {isa = PBXBuildFile; fileRef = 37528E8B186F7DFE004C5C1B /* GTWTermIDGenerator.m */; };
		3757472C1874E060004265E7 /* GTWAOFMemoryMappedFile.m in Sources */ = {isa = PBXBuildFile; fileRef = 3757472B1874E060004265E7 /* GTWAOFMemoryMappedFile.m */; };
		3757472D1874E060004265E7 /* GTWAOFMemoryMappedFile.m in Sources */ = {isa = PBXBuildFile; fileRef = 3757472B1874E060004265E7 /* GTWAOFMemoryMappedFile.m */; };
		3757472E1874E060004265E7 /* GTWAOFMemoryMappedFile.m in Sources */ = {isa = PBXBuildFile; fileRef = 3757472B1874E060004265E7 /* GTWAOFMemoryMappedFile.m */; };
		375A71B9185D6FA40060C151 /* GZIP.m in Sources */ = {isa = PBXBuildFile; fileRef = 375A71B7185D6FA40060C151 /* GZIP.m */; };
		375B76DC18626A8100F1CE1E /* GTWAOFBTreeNode.m in Sources */ = {isa = PBXBuildFile; fileRef = 375B76DA18626A8100F1CE1E /* GTWAOFBTreeNode.m */; };
		375B76E0186371A800F1CE1E /* NSData+GTWCompare.m in Sources */ = {isa = PBXBuildFile; fileRef = 375B76DE186371A800F1CE1E /* NSData+GTWCompare.m */; };
		375B76E41863A9B200F1CE1E /* GTWAOFBTree.m in Sources */ = {isa = PBXBuildFile; fileRef = 375B76E21863A9B200F1CE1E /* GTWAOFBTree.m */; };
		3770888A186E5231003EC518 /* NSIndexSet+GTWIndexRange.m in Sources */ = {isa = PBXBuildFile; fileRef = 37708888186E5231003EC518 /* NSIndexSet+GTWIndexRange.m */; };
		3770888B186E5231003EC518 /* NSIndexSet+GTWIndexRange.m in Sources */ = {isa = PBXBuildFile; fileRef = 37708888186E5231003EC518 /* NSIndexSet+GTWIndexRange.m */; };
		3770888F186E6B07003EC518 /* NSData+GTWTerm.m in Sources */ = {isa = PBXBuildFile; fileRef = 3770888D186E6B07003EC518 /* NSData+GTWTerm.m */; };
		37708890186E6B07003EC518 /* NSData+GTWTerm.m in Sources */ = {isa = PBXBuildFile; fileRef = 3770888D186E6B07003EC518 /* NSData+GTWTerm.m */; };
		378627291856C34900CDC8A6 /* GTWAOFPage+GTWAOFLinkedPage.m in Sources */ = {isa = PBXBuildFile; fileRef = 378627271856C34900CDC8A6 /* GTWAOFPage+GTWAOFLinkedPage.m */; };
		37BE5AB9187116CC0030A293 /* CoreFoundation.framework in Frameworks */ = {isa = PBXBuildFile; fileRef = 37527E52185510CC0085556E /* CoreFoundation.framework */; };
		37BE5ABF187116CC0030A293 /* InfoPlist.strings in Resources */ = {isa = PBXBuildFile; fileRef = 37BE5ABD187116CC0030A293 /* InfoPlist.strings */; };
		37BE5AC4187117320030A293 /* Foundation.framework in Frameworks */ = {isa = PBXBuildFile; fileRef = 37FEA4BB18640B4600A0BCC2 /* Foundation.framework */; };
		37BE5AC5187117320030A293 /* libz.dylib in Frameworks */ = {isa = PBXBuildFile; fileRef = 37527E8A18564C2A0085556E /* libz.dylib */; };
		37BE5AC6187117320030A293 /* GTWSWBase.framework in Frameworks */ = {isa = PBXBuildFile; fileRef = 37527E60185510F20085556E /* GTWSWBase.framework */; };
		37BE5AC7187117320030A293 /* SPARQLKit.framework in Frameworks */ = {isa = PBXBuildFile; fileRef = 37527E61185510F20085556E /* SPARQLKit.framework */; };
		37BE5AC91871174D0030A293 /* GTWAOFQuadStore.m in Sources */ = {isa = PBXBuildFile; fileRef = 37527E94185682D20085556E /* GTWAOFQuadStore.m */; };
		37BE5ACA1871174D0030A293 /* GTWTermIDGenerator.m in Sources */ = {isa = PBXBuildFile; fileRef = 37528E8B186F7DFE004C5C1B /* GTWTermIDGenerator.m */; };
		37BE5ACB1871174D0030A293 /* GTWAOFPage+GTWAOFLinkedPage.m in Sources */ = {isa = PBXBuildFile; fileRef = 378627271856C34900CDC8A6 /* GTWAOFPage+GTWAOFLinkedPage.m */; };
		37BE5ACC1871174D0030A293 /* GTWAOFUpdateContext.m in Sources */ = {isa = PBXBuildFile; fileRef = 37527E6C18552F6D0085556E /* GTWAOFUpdateContext.m */; };
		37BE5ACD1871174D0030A293 /* GTWAOFDirectFile.m in Sources */ = {isa = PBXBuildFile; fileRef = 37527E691855177C0085556E /* GTWAOFDirectFile.m */; };
		37BE5ACE1871174D0030A293 /* GTWAOFMemory.m in Sources */ = {isa = PBXBuildFile; fileRef = 37528E81186F75A2004C5C1B /* GTWAOFMemory.m */; };
		37BE5ACF1871174D0030A293 /* GTWAOFPage.m in Sources */ = {isa = PBXBuildFile; fileRef = 37527E66185515C10085556E /* GTWAOFPage.m */; };
		37BE5AD01871174D0030A293 /* GTWAOFRawQuads.m in Sources */ = {isa = PBXBuildFile; fileRef = 37527E9018564EE80085556E /* GTWAOFRawQuads.m */; };
		37BE5AD11871174D0030A293 /* GTWAOFRawDictionary.m in Sources */ = {isa = PBXBuildFile; fileRef = 37527E80185584270085556E /* GTWAOFRawDictionary.m */; };
		37BE5AD21871174D0030A293 /* GTWAOFRawValue.m in Sources */ = {isa = PBXBuildFile; fileRef = 370F1301185F75BA00810F2F /* GTWAOFRawValue.m */; };
		37BE5AD31871174D0030A293 /* GZIP.m in Sources */ = {isa = PBXBuildFile; fileRef = 375A71B7185D6FA40060C151 /* GZIP.m */; };
		37BE5AD41871174D0030A293 /* NSData+GTWCompare.m in Sources */ = {isa = PBXBuildFile; fileRef = 375B76DE186371A800F1CE1E /* NSData+GTWCompare.m */; };
		37BE5AD51871174D0030A293 /* NSIndexSet+GTWIndexRange.m in Sources */ = {isa = PBXBuildFile; fileRef = 37708888186E5231003EC518 /* NSIndexSet+GTWIndexRange.m */; };
		37BE5AD61871174D0030A293 /* NSData+GTWTerm.m in Sources */ = {isa = PBXBuildFile; fileRef = 3770888D186E6B07003EC518 /* NSData+GTWTerm.m */; };
		37BE5AD71871174D0030A293 /* GTWAOFBTreeNode.m in Sources */ = {isa = PBXBuildFile; fileRef = 375B76DA18626A8100F1CE1E /* GTWAOFBTreeNode.m */; };
		37BE5AD81871174D0030A293 /* GTWAOFBTree.m in Sources */ = {isa = PBXBuildFile; fileRef = 375B76E21863A9B200F1CE1E /* GTWAOFBTree.m */; };
		37BE5ADB187119BE0030A293 /* GTWAOFPlugin.m in Sources */ = {isa = PBXBuildFile; fileRef = 37BE5ADA187119BE0030A293 /* GTWAOFPlugin.m */; };
		37BE5ADC187119BE0030A293 /* GTWAOFPlugin.m in Sources */ = {isa = PBXBuildFile; fileRef = 37BE5ADA187119BE0030A293 /* GTWAOFPlugin.m */; };
		37BE5ADD187119BE0030A293 /* GTWAOFPlugin.m in Sources */ = {isa = PBXBuildFile; fileRef = 37BE5ADA187119BE0030A293 /* GTWAOFPlugin.m */; };
		37F18DED187B1664007A2FD3 /* Foundation.framework in Frameworks */ = {isa = PBXBuildFile; fileRef = 37FEA4BB18640B4600A0BCC2 /* Foundation.framework */; };
		37F18DF9187B1680007A2FD3 /* gtwaofutil.m in Sources */ = {isa = PBXBuildFile; fileRef = 37F18DF8187B1680007A2FD3 /* gtwaofutil.m */; };
		37F18DFA187B169B007A2FD3 /* GTWAOFPlugin.m in Sources */ = {isa = PBXBuildFile; fileRef = 37BE5ADA187119BE0030A293 /* GTWAOFPlugin.m */; };
		37F18DFB187B169B007A2FD3 /* GTWAOFQuadStore.m in Sources */ = {isa = PBXBuildFile; fileRef = 37527E94185682D20085556E /* GTWAOFQuadStore.m */; };
		37F18DFC187B169B007A2FD3 /* GTWTermIDGenerator.m in Sources */ = {isa = PBXBuildFile; fileRef = 37528E8B186F7DFE004C5C1B /* GTWTermIDGenerator.m */; };
		37F18DFD187B169B007A2FD3 /* GTWAOFPage+GTWAOFLinkedPage.m in Sources */ = {isa = PBXBuildFile; fileRef = 378627271856C34900CDC8A6 /* GTWAOFPage+GTWAOFLinkedPage.m */; };
		37F18DFE187B169B007A2FD3 /* GTWAOFUpdateContext.m in Sources */ = {isa = PBXBuildFile; fileRef = 37527E6C18552F6D0085556E /* GTWAOFUpdateContext.m */; };
		37F18DFF187B169B007A2FD3 /* GTWAOFDirectFile.m in Sources */ = {isa = PBXBuildFile; fileRef = 37527E691855177C0085556E /* GTWAOFDirectFile.m */; };
		37F18E00187B169B007A2FD3 /* GTWAOFMemoryMappedFile.m in Sources */ = {isa = PBXBuildFile; fileRef = 3757472B1874E060004265E7 /* GTWAOFMemoryMappedFile.m */; };
		37F18E01187B169B007A2FD3 /* GTWAOFMemory.m in Sources */ = {isa = PBXBuildFile; fileRef = 37528E81186F75A2004C5C1B /* GTWAOFMemory.m */; };
		37F18E02187B169B007A2FD3 /* GTWAOFPage.m in Sources */ = {isa = PBXBuildFile; fileRef = 37527E66185515C10085556E /* GTWAOFPage.m */; };
		37F18E03187B169B007A2FD3 /* GTWAOFRawQuads.m in Sources */ = {isa = PBXBuildFile; fileRef = 37527E9018564EE80085556E /* GTWAOFRawQuads.m */; };
		37F18E04187B169B007A2FD3 /* GTWAOFRawDictionary.m in Sources */ = {isa = PBXBuildFile; fileRef = 37527E80185584270085556E /* GTWAOFRawDictionary.m */; };
		37F18E05187B169B007A2FD3 /* GTWAOFRawValue.m in Sources */ = {isa = PBXBuildFile; fileRef = 370F1301185F75BA00810F2F /* GTWAOFRawValue.m */; };
		37F18E06187B169B007A2FD3 /* GZIP.m in Sources */ = {isa = PBXBuildFile; fileRef = 375A71B7185D6FA40060C151 /* GZIP.m */; };
		37F18E07187B169B007A2FD3 /* NSData+GTWCompare.m in Sources */ = {isa = PBXBuildFile; fileRef = 375B76DE186371A800F1CE1E /* NSData+GTWCompare.m */; };
		37F18E08187B169B007A2FD3 /* NSIndexSet+GTWIndexRange.m in Sources */ = {isa = PBXBuildFile; fileRef = 37708888186E5231003EC518 /* NSIndexSet+GTWIndexRange.m */; };
		37F18E09187B169B007A2FD3 /* NSData+GTWTerm.m in Sources */ = {isa = PBXBuildFile; fileRef = 3770888D186E6B07003EC518 /* NSData+GTWTerm.m */; };
		37F18E0A187B169B007A2FD3 /* GTWAOFBTreeNode.m in Sources */ = {isa = PBXBuildFile; fileRef = 375B76DA18626A8100F1CE1E /* GTWAOFBTreeNode.m */; };
		37F18E0B187B169B007A2FD3 /* GTWAOFBTree.m in Sources */ = {isa = PBXBuildFile; fileRef = 375B76E21863A9B200F1CE1E /* GTWAOFBTree.m */; };
		37F18E0C187B16A5007A2FD3 /* libz.dylib in Frameworks */ = {isa = PBXBuildFile; fileRef = 37527E8A18564C2A0085556E /* libz.dylib */; };
		37F18E0D187B16A5007A2FD3 /* GTWSWBase.framework in Frameworks */ = {isa = PBXBuildFile; fileRef = 37527E60185510F20085556E /* GTWSWBase.framework */; };
		37F18E0E187B16A5007A2FD3 /* SPARQLKit.framework in Frameworks */ = {isa = PBXBuildFile; fileRef = 37527E61185510F20085556E /* SPARQLKit.framework */; };
		37F18E0F187B16A5007A2FD3 /* CoreFoundation.framework in Frameworks */ = {isa = PBXBuildFile; fileRef = 37527E52185510CC0085556E /* CoreFoundation.framework */; };
		37FEA49C186407F800A0BCC2 /* XCTest.framework in Frameworks */ = {isa = PBXBuildFile; fileRef = 37FEA49B186407F800A0BCC2 /* XCTest.framework */; };
		37FEA4A2186407F800A0BCC2 /* InfoPlist.strings in Resources */ = {isa = PBXBuildFile; fileRef = 37FEA4A0186407F800A0BCC2 /* InfoPlist.strings */; };
		37FEA4A4186407F800A0BCC2 /* GTWAOF_BTreeNode_Tests.m in Sources */ = {isa = PBXBuildFile; fileRef = 37FEA4A3186407F800A0BCC2 /* GTWAOF_BTreeNode_Tests.m */; };
		37FEA4AB186408FA00A0BCC2 /* SPARQLKit.framework in Frameworks */ = {isa = PBXBuildFile; fileRef = 37527E61185510F20085556E /* SPARQLKit.framework */; };
		37FEA4AC186408FD00A0BCC2 /* GTWSWBase.framework in Frameworks */ = {isa = PBXBuildFile; fileRef = 37527E60185510F20085556E /* GTWSWBase.framework */; };
		37FEA4AD18640A9B00A0BCC2 /* GTWAOFQuadStore.m in Sources */ = {isa = PBXBuildFile; fileRef = 37527E94185682D20085556E /* GTWAOFQuadStore.m */; };
		37FEA4AE18640A9B00A0BCC2 /* GTWAOFUpdateContext.m in Sources */ = {isa = PBXBuildFile; fileRef = 37527E6C18552F6D0085556E /* GTWAOFUpdateContext.m */; };
		37FEA4AF18640A9B00A0BCC2 /* GTWAOFDirectFile.m in Sources */ = {isa = PBXBuildFile; fileRef = 37527E691855177C0085556E /* GTWAOFDirectFile.m */; };
		37FEA4B018640A9B00A0BCC2 /* GTWAOFPage.m in Sources */ = {isa = PBXBuildFile; fileRef = 37527E66185515C10085556E /* GTWAOFPage.m */; };
		37FEA4B118640A9B00A0BCC2 /* GTWAOFRawDictionary.m in Sources */ = {isa = PBXBuildFile; fileRef = 37527E80185584270085556E /* GTWAOFRawDictionary.m */; };
		37FEA4B218640A9B00A0BCC2 /* GTWAOFRawQuads.m in Sources */ = {isa = PBXBuildFile; fileRef = 37527E9018564EE80085556E /* GTWAOFRawQuads.m */; };
		37FEA4B318640A9B00A0BCC2 /* GTWAOFRawValue.m in Sources */ = {isa = PBXBuildFile; fileRef = 370F1301185F75BA00810F2F /* GTWAOFRawValue.m */; };
		37FEA4B418640A9B00A0BCC2 /* GTWAOFPage+GTWAOFLinkedPage.m in Sources */ = {isa = PBXBuildFile; fileRef = 378627271856C34900CDC8A6 /* GTWAOFPage+GTWAOFLinkedPage.m */; };
		37FEA4B518640A9B00A0BCC2 /* GZIP.m in Sources */ = {isa = PBXBuildFile; fileRef = 375A71B7185D6FA40060C151 /* GZIP.m */; };
		37FEA4B618640A9B00A0BCC2 /* NSData+GTWCompare.m in Sources */ = {isa = PBXBuildFile; fileRef = 375B76DE186371A800F1CE1E /* NSData+GTWCompare.m */; };
		37FEA4B718640A9B00A0BCC2 /* GTWAOFBTree.m in Sources */ = {isa = PBXBuildFile; fileRef = 375B76E21863A9B200F1CE1E /* GTWAOFBTree.m */; };
		37FEA4B818640A9B00A0BCC2 /* GTWAOFBTreeNode.m in Sources */ = {isa = PBXBuildFile; fileRef = 375B76DA18626A8100F1CE1E /* GTWAOFBTreeNode.m */; };
		37FEA4B918640AB500A0BCC2 /* libz.dylib in Frameworks */ = {isa = PBXBuildFile; fileRef = 37527E8A18564C2A0085556E /* libz.dylib */; };
		37FEA4BA18640B1300A0BCC2 /* CoreFoundation.framework in Frameworks */ = {isa = PBXBuildFile; fileRef = 37527E52185510CC0085556E /* CoreFoundation.framework */; };
		37FEA4BC18640B4600A0BCC2 /* Foundation.framework in Frameworks */ = {isa = PBXBuildFile; fileRef = 37FEA4BB18640B4600A0BCC2 /* Foundation.framework */; };
/* End PBXBuildFile section */

/* Begin PBXCopyFilesBuildPhase section */
		37527E7018553F5B0085556E /* CopyFiles */ = {
			isa = PBXCopyFilesBuildPhase;
			buildActionMask = 2147483647;
			dstPath = /usr/share/man/man1/;
			dstSubfolderSpec = 0;
			files = (
			);
			runOnlyForDeploymentPostprocessing = 1;
		};
		37F18DEA187B1664007A2FD3 /* CopyFiles */ = {
			isa = PBXCopyFilesBuildPhase;
			buildActionMask = 2147483647;
			dstPath = /usr/share/man/man1/;
			dstSubfolderSpec = 0;
			files = (
			);
			runOnlyForDeploymentPostprocessing = 1;
		};
/* End PBXCopyFilesBuildPhase section */

/* Begin PBXFileReference section */
		370F1300185F75BA00810F2F /* GTWAOFRawValue.h */ = {isa = PBXFileReference; fileEncoding = 4; lastKnownFileType = sourcecode.c.h; path = GTWAOFRawValue.h; sourceTree = "<group>"; };
		370F1301185F75BA00810F2F /* GTWAOFRawValue.m */ = {isa = PBXFileReference; fileEncoding = 4; lastKnownFileType = sourcecode.c.objc; path = GTWAOFRawValue.m; sourceTree = "<group>"; };
		372CC39718665A4100265B32 /* GTWAOF_BTree_Tests.m */ = {isa = PBXFileReference; fileEncoding = 4; lastKnownFileType = sourcecode.c.objc; path = GTWAOF_BTree_Tests.m; sourceTree = "<group>"; };
		37527E52185510CC0085556E /* CoreFoundation.framework */ = {isa = PBXFileReference; lastKnownFileType = wrapper.framework; name = CoreFoundation.framework; path = System/Library/Frameworks/CoreFoundation.framework; sourceTree = SDKROOT; };
		37527E56185510CC0085556E /* GTWAOF-Info.plist */ = {isa = PBXFileReference; lastKnownFileType = text.plist.xml; path = "GTWAOF-Info.plist"; sourceTree = "<group>"; };
		37527E58185510CC0085556E /* en */ = {isa = PBXFileReference; lastKnownFileType = text.plist.strings; name = en; path = en.lproj/InfoPlist.strings; sourceTree = "<group>"; };
		37527E5A185510CC0085556E /* GTWAOF-Prefix.pch */ = {isa = PBXFileReference; lastKnownFileType = sourcecode.c.h; path = "GTWAOF-Prefix.pch"; sourceTree = "<group>"; };
		37527E60185510F20085556E /* GTWSWBase.framework */ = {isa = PBXFileReference; lastKnownFileType = wrapper.framework; name = GTWSWBase.framework; path = ../../../../../Library/Frameworks/GTWSWBase.framework; sourceTree = "<group>"; };
		37527E61185510F20085556E /* SPARQLKit.framework */ = {isa = PBXFileReference; lastKnownFileType = wrapper.framework; name = SPARQLKit.framework; path = ../../../../../Library/Frameworks/SPARQLKit.framework; sourceTree = "<group>"; };
		37527E64185511660085556E /* GTWAOF.h */ = {isa = PBXFileReference; fileEncoding = 4; lastKnownFileType = sourcecode.c.h; path = GTWAOF.h; sourceTree = "<group>"; };
		37527E65185515C10085556E /* GTWAOFPage.h */ = {isa = PBXFileReference; fileEncoding = 4; lastKnownFileType = sourcecode.c.h; path = GTWAOFPage.h; sourceTree = "<group>"; };
		37527E66185515C10085556E /* GTWAOFPage.m */ = {isa = PBXFileReference; fileEncoding = 4; lastKnownFileType = sourcecode.c.objc; path = GTWAOFPage.m; sourceTree = "<group>"; };
		37527E681855177C0085556E /* GTWAOFDirectFile.h */ = {isa = PBXFileReference; fileEncoding = 4; lastKnownFileType = sourcecode.c.h; path = GTWAOFDirectFile.h; sourceTree = "<group>"; };
		37527E691855177C0085556E /* GTWAOFDirectFile.m */ = {isa = PBXFileReference; fileEncoding = 4; lastKnownFileType = sourcecode.c.objc; path = GTWAOFDirectFile.m; sourceTree = "<group>"; };
		37527E6B18552F6D0085556E /* GTWAOFUpdateContext.h */ = {isa = PBXFileReference; fileEncoding = 4; lastKnownFileType = sourcecode.c.h; path = GTWAOFUpdateContext.h; sourceTree = "<group>"; };
		37527E6C18552F6D0085556E /* GTWAOFUpdateContext.m */ = {isa = PBXFileReference; fileEncoding = 4; lastKnownFileType = sourcecode.c.objc; path = GTWAOFUpdateContext.m; sourceTree = "<group>"; };
		37527E7218553F5B0085556E /* gtwaof */ = {isa = PBXFileReference; explicitFileType = "compiled.mach-o.executable"; includeInIndex = 0; path = gtwaof; sourceTree = BUILT_PRODUCTS_DIR; };
		37527E7F185584270085556E /* GTWAOFRawDictionary.h */ = {isa = PBXFileReference; fileEncoding = 4; lastKnownFileType = sourcecode.c.h; path = GTWAOFRawDictionary.h; sourceTree = "<group>"; };
		37527E80185584270085556E /* GTWAOFRawDictionary.m */ = {isa = PBXFileReference; fileEncoding = 4; lastKnownFileType = sourcecode.c.objc; path = GTWAOFRawDictionary.m; sourceTree = "<group>"; };
		37527E8318558CE20085556E /* gtwaof.m */ = {isa = PBXFileReference; fileEncoding = 4; lastKnownFileType = sourcecode.c.objc; name = gtwaof.m; path = GTWAOF/gtwaof.m; sourceTree = SOURCE_ROOT; };
		37527E8A18564C2A0085556E /* libz.dylib */ = {isa = PBXFileReference; lastKnownFileType = "compiled.mach-o.dylib"; name = libz.dylib; path = usr/lib/libz.dylib; sourceTree = SDKROOT; };
		37527E8F18564EE80085556E /* GTWAOFRawQuads.h */ = {isa = PBXFileReference; fileEncoding = 4; lastKnownFileType = sourcecode.c.h; path = GTWAOFRawQuads.h; sourceTree = "<group>"; };
		37527E9018564EE80085556E /* GTWAOFRawQuads.m */ = {isa = PBXFileReference; fileEncoding = 4; lastKnownFileType = sourcecode.c.objc; path = GTWAOFRawQuads.m; sourceTree = "<group>"; };
		37527E93185682D20085556E /* GTWAOFQuadStore.h */ = {isa = PBXFileReference; fileEncoding = 4; lastKnownFileType = sourcecode.c.h; path = GTWAOFQuadStore.h; sourceTree = "<group>"; };
		37527E94185682D20085556E /* GTWAOFQuadStore.m */ = {isa = PBXFileReference; fileEncoding = 4; lastKnownFileType = sourcecode.c.objc; path = GTWAOFQuadStore.m; sourceTree = "<group>"; };
		37528E80186F75A2004C5C1B /* GTWAOFMemory.h */ = {isa = PBXFileReference; fileEncoding = 4; lastKnownFileType = sourcecode.c.h; path = GTWAOFMemory.h; sourceTree = "<group>"; };
		37528E81186F75A2004C5C1B /* GTWAOFMemory.m */ = {isa = PBXFileReference; fileEncoding = 4; lastKnownFileType = sourcecode.c.objc; path = GTWAOFMemory.m; sourceTree = "<group>"; };
		37528E8A186F7DFE004C5C1B /* GTWTermIDGenerator.h */ = {isa = PBXFileReference; fileEncoding = 4; lastKnownFileType = sourcecode.c.h; path = GTWTermIDGenerator.h; sourceTree = "<group>"; };
		37528E8B186F7DFE004C5C1B /* GTWTermIDGenerator.m */ = {isa = PBXFileReference; fileEncoding = 4; lastKnownFileType = sourcecode.c.objc; path = GTWTermIDGenerator.m; sourceTree = "<group>"; };
		3757472A1874E060004265E7 /* GTWAOFMemoryMappedFile.h */ = {isa = PBXFileReference; fileEncoding = 4; lastKnownFileType = sourcecode.c.h; path = GTWAOFMemoryMappedFile.h; sourceTree = "<group>"; };
		3757472B1874E060004265E7 /* GTWAOFMemoryMappedFile.m */ = {isa = PBXFileReference; fileEncoding = 4; lastKnownFileType = sourcecode.c.objc; path = GTWAOFMemoryMappedFile.m; sourceTree = "<group>"; };
		375A71B6185D6FA40060C151 /* GZIP.h */ = {isa = PBXFileReference; fileEncoding = 4; lastKnownFileType = sourcecode.c.h; path = GZIP.h; sourceTree = "<group>"; };
		375A71B7185D6FA40060C151 /* GZIP.m */ = {isa = PBXFileReference; fileEncoding = 4; lastKnownFileType = sourcecode.c.objc; path = GZIP.m; sourceTree = "<group>"; };
		375B76D918626A8100F1CE1E /* GTWAOFBTreeNode.h */ = {isa = PBXFileReference; fileEncoding = 4; lastKnownFileType = sourcecode.c.h; path = GTWAOFBTreeNode.h; sourceTree = "<group>"; };
		375B76DA18626A8100F1CE1E /* GTWAOFBTreeNode.m */ = {isa = PBXFileReference; fileEncoding = 4; lastKnownFileType = sourcecode.c.objc; path = GTWAOFBTreeNode.m; sourceTree = "<group>"; };
		375B76DD186371A800F1CE1E /* NSData+GTWCompare.h */ = {isa = PBXFileReference; fileEncoding = 4; lastKnownFileType = sourcecode.c.h; path = "NSData+GTWCompare.h"; sourceTree = "<group>"; };
		375B76DE186371A800F1CE1E /* NSData+GTWCompare.m */ = {isa = PBXFileReference; fileEncoding = 4; lastKnownFileType = sourcecode.c.objc; path = "NSData+GTWCompare.m"; sourceTree = "<group>"; };
		375B76E11863A9B200F1CE1E /* GTWAOFBTree.h */ = {isa = PBXFileReference; fileEncoding = 4; lastKnownFileType = sourcecode.c.h; path = GTWAOFBTree.h; sourceTree = "<group>"; };
		375B76E21863A9B200F1CE1E /* GTWAOFBTree.m */ = {isa = PBXFileReference; fileEncoding = 4; lastKnownFileType = sourcecode.c.objc; path = GTWAOFBTree.m; sourceTree = "<group>"; };
		37708887186E5231003EC518 /* NSIndexSet+GTWIndexRange.h */ = {isa = PBXFileReference; fileEncoding = 4; lastKnownFileType = sourcecode.c.h; path = "NSIndexSet+GTWIndexRange.h"; sourceTree = "<group>"; };
		37708888186E5231003EC518 /* NSIndexSet+GTWIndexRange.m */ = {isa = PBXFileReference; fileEncoding = 4; lastKnownFileType = sourcecode.c.objc; path = "NSIndexSet+GTWIndexRange.m"; sourceTree = "<group>"; };
		3770888C186E6B07003EC518 /* NSData+GTWTerm.h */ = {isa = PBXFileReference; fileEncoding = 4; lastKnownFileType = sourcecode.c.h; path = "NSData+GTWTerm.h"; sourceTree = "<group>"; };
		3770888D186E6B07003EC518 /* NSData+GTWTerm.m */ = {isa = PBXFileReference; fileEncoding = 4; lastKnownFileType = sourcecode.c.objc; path = "NSData+GTWTerm.m"; sourceTree = "<group>"; };
		378627261856C34900CDC8A6 /* GTWAOFPage+GTWAOFLinkedPage.h */ = {isa = PBXFileReference; fileEncoding = 4; lastKnownFileType = sourcecode.c.h; path = "GTWAOFPage+GTWAOFLinkedPage.h"; sourceTree = "<group>"; };
		378627271856C34900CDC8A6 /* GTWAOFPage+GTWAOFLinkedPage.m */ = {isa = PBXFileReference; fileEncoding = 4; lastKnownFileType = sourcecode.c.objc; path = "GTWAOFPage+GTWAOFLinkedPage.m"; sourceTree = "<group>"; };
		37BE5AB8187116CC0030A293 /* GTWAOFQuadStore.plugin */ = {isa = PBXFileReference; explicitFileType = wrapper.cfbundle; includeInIndex = 0; path = GTWAOFQuadStore.plugin; sourceTree = BUILT_PRODUCTS_DIR; };
		37BE5ABC187116CC0030A293 /* GTWAOF-Info.plist */ = {isa = PBXFileReference; lastKnownFileType = text.plist.xml; path = "GTWAOF-Info.plist"; sourceTree = "<group>"; };
		37BE5ABE187116CC0030A293 /* en */ = {isa = PBXFileReference; lastKnownFileType = text.plist.strings; name = en; path = en.lproj/InfoPlist.strings; sourceTree = "<group>"; };
		37BE5AC0187116CC0030A293 /* GTWAOF-Prefix.pch */ = {isa = PBXFileReference; lastKnownFileType = sourcecode.c.h; path = "GTWAOF-Prefix.pch"; sourceTree = "<group>"; };
		37BE5AD9187119BE0030A293 /* GTWAOFPlugin.h */ = {isa = PBXFileReference; fileEncoding = 4; lastKnownFileType = sourcecode.c.h; path = GTWAOFPlugin.h; sourceTree = "<group>"; };
		37BE5ADA187119BE0030A293 /* GTWAOFPlugin.m */ = {isa = PBXFileReference; fileEncoding = 4; lastKnownFileType = sourcecode.c.objc; path = GTWAOFPlugin.m; sourceTree = "<group>"; };
		37F18DEC187B1664007A2FD3 /* gtwaofutil */ = {isa = PBXFileReference; explicitFileType = "compiled.mach-o.executable"; includeInIndex = 0; path = gtwaofutil; sourceTree = BUILT_PRODUCTS_DIR; };
		37F18DF2187B1664007A2FD3 /* gtwaofutil-Prefix.pch */ = {isa = PBXFileReference; lastKnownFileType = sourcecode.c.h; name = "gtwaofutil-Prefix.pch"; path = "../gtwaofutil/gtwaofutil-Prefix.pch"; sourceTree = "<group>"; };
		37F18DF8187B1680007A2FD3 /* gtwaofutil.m */ = {isa = PBXFileReference; fileEncoding = 4; lastKnownFileType = sourcecode.c.objc; name = gtwaofutil.m; path = GTWAOF/gtwaofutil.m; sourceTree = SOURCE_ROOT; };
		37FEA49A186407F800A0BCC2 /* GTWAOF Tests.xctest */ = {isa = PBXFileReference; explicitFileType = wrapper.cfbundle; includeInIndex = 0; path = "GTWAOF Tests.xctest"; sourceTree = BUILT_PRODUCTS_DIR; };
		37FEA49B186407F800A0BCC2 /* XCTest.framework */ = {isa = PBXFileReference; lastKnownFileType = wrapper.framework; name = XCTest.framework; path = Library/Frameworks/XCTest.framework; sourceTree = DEVELOPER_DIR; };
		37FEA49F186407F800A0BCC2 /* GTWAOF Tests-Info.plist */ = {isa = PBXFileReference; lastKnownFileType = text.plist.xml; path = "GTWAOF Tests-Info.plist"; sourceTree = "<group>"; };
		37FEA4A1186407F800A0BCC2 /* en */ = {isa = PBXFileReference; lastKnownFileType = text.plist.strings; name = en; path = en.lproj/InfoPlist.strings; sourceTree = "<group>"; };
		37FEA4A3186407F800A0BCC2 /* GTWAOF_BTreeNode_Tests.m */ = {isa = PBXFileReference; lastKnownFileType = sourcecode.c.objc; path = GTWAOF_BTreeNode_Tests.m; sourceTree = "<group>"; };
		37FEA4A5186407F800A0BCC2 /* GTWAOF Tests-Prefix.pch */ = {isa = PBXFileReference; lastKnownFileType = sourcecode.c.h; path = "GTWAOF Tests-Prefix.pch"; sourceTree = "<group>"; };
		37FEA4BB18640B4600A0BCC2 /* Foundation.framework */ = {isa = PBXFileReference; lastKnownFileType = wrapper.framework; name = Foundation.framework; path = System/Library/Frameworks/Foundation.framework; sourceTree = SDKROOT; };
/* End PBXFileReference section */

/* Begin PBXFrameworksBuildPhase section */
		37527E6F18553F5B0085556E /* Frameworks */ = {
			isa = PBXFrameworksBuildPhase;
			buildActionMask = 2147483647;
			files = (
				37527E8C18564C2F0085556E /* libz.dylib in Frameworks */,
				37527E7318553F5B0085556E /* CoreFoundation.framework in Frameworks */,
				37527E8D18564C3B0085556E /* GTWSWBase.framework in Frameworks */,
				37527E8E18564C3B0085556E /* SPARQLKit.framework in Frameworks */,
			);
			runOnlyForDeploymentPostprocessing = 0;
		};
		37BE5AB5187116CC0030A293 /* Frameworks */ = {
			isa = PBXFrameworksBuildPhase;
			buildActionMask = 2147483647;
			files = (
				37BE5AC4187117320030A293 /* Foundation.framework in Frameworks */,
				37BE5AC5187117320030A293 /* libz.dylib in Frameworks */,
				37BE5AC6187117320030A293 /* GTWSWBase.framework in Frameworks */,
				37BE5AC7187117320030A293 /* SPARQLKit.framework in Frameworks */,
				37BE5AB9187116CC0030A293 /* CoreFoundation.framework in Frameworks */,
			);
			runOnlyForDeploymentPostprocessing = 0;
		};
		37F18DE9187B1664007A2FD3 /* Frameworks */ = {
			isa = PBXFrameworksBuildPhase;
			buildActionMask = 2147483647;
			files = (
				37F18DED187B1664007A2FD3 /* Foundation.framework in Frameworks */,
				37F18E0C187B16A5007A2FD3 /* libz.dylib in Frameworks */,
				37F18E0D187B16A5007A2FD3 /* GTWSWBase.framework in Frameworks */,
				37F18E0E187B16A5007A2FD3 /* SPARQLKit.framework in Frameworks */,
				37F18E0F187B16A5007A2FD3 /* CoreFoundation.framework in Frameworks */,
			);
			runOnlyForDeploymentPostprocessing = 0;
		};
		37FEA497186407F800A0BCC2 /* Frameworks */ = {
			isa = PBXFrameworksBuildPhase;
			buildActionMask = 2147483647;
			files = (
				37FEA4BC18640B4600A0BCC2 /* Foundation.framework in Frameworks */,
				37FEA4BA18640B1300A0BCC2 /* CoreFoundation.framework in Frameworks */,
				37FEA49C186407F800A0BCC2 /* XCTest.framework in Frameworks */,
				37FEA4B918640AB500A0BCC2 /* libz.dylib in Frameworks */,
				37FEA4AB186408FA00A0BCC2 /* SPARQLKit.framework in Frameworks */,
				37FEA4AC186408FD00A0BCC2 /* GTWSWBase.framework in Frameworks */,
			);
			runOnlyForDeploymentPostprocessing = 0;
		};
/* End PBXFrameworksBuildPhase section */

/* Begin PBXGroup section */
		37527E46185510CC0085556E = {
			isa = PBXGroup;
			children = (
				37527E54185510CC0085556E /* GTWAOF */,
				37527E7418553F5B0085556E /* gtwaof */,
				37FEA49D186407F800A0BCC2 /* GTWAOF Tests */,
				37BE5ABA187116CC0030A293 /* GTWAOF */,
				37527E51185510CC0085556E /* Frameworks */,
				37527E50185510CC0085556E /* Products */,
			);
			sourceTree = "<group>";
		};
		37527E50185510CC0085556E /* Products */ = {
			isa = PBXGroup;
			children = (
				37527E7218553F5B0085556E /* gtwaof */,
				37FEA49A186407F800A0BCC2 /* GTWAOF Tests.xctest */,
				37BE5AB8187116CC0030A293 /* GTWAOFQuadStore.plugin */,
				37F18DEC187B1664007A2FD3 /* gtwaofutil */,
			);
			name = Products;
			sourceTree = "<group>";
		};
		37527E51185510CC0085556E /* Frameworks */ = {
			isa = PBXGroup;
			children = (
				37FEA4BB18640B4600A0BCC2 /* Foundation.framework */,
				37527E8A18564C2A0085556E /* libz.dylib */,
				37527E60185510F20085556E /* GTWSWBase.framework */,
				37527E61185510F20085556E /* SPARQLKit.framework */,
				37527E52185510CC0085556E /* CoreFoundation.framework */,
				37FEA49B186407F800A0BCC2 /* XCTest.framework */,
			);
			name = Frameworks;
			sourceTree = "<group>";
		};
		37527E54185510CC0085556E /* GTWAOF */ = {
			isa = PBXGroup;
			children = (
				37527E55185510CC0085556E /* Supporting Files */,
				37527E64185511660085556E /* GTWAOF.h */,
				37BE5AD9187119BE0030A293 /* GTWAOFPlugin.h */,
				37BE5ADA187119BE0030A293 /* GTWAOFPlugin.m */,
				37527E93185682D20085556E /* GTWAOFQuadStore.h */,
				37527E94185682D20085556E /* GTWAOFQuadStore.m */,
				37528E8A186F7DFE004C5C1B /* GTWTermIDGenerator.h */,
				37528E8B186F7DFE004C5C1B /* GTWTermIDGenerator.m */,
				3758BB2A186900BC008B0185 /* Database Page Management */,
				3758BB2C1869256E008B0185 /* Quads */,
				3758BB2818690095008B0185 /* Dictionary */,
				3758BB2D18692577008B0185 /* Value */,
				3758BB29186900A8008B0185 /* Utilities */,
				3758BB2B18692561008B0185 /* B+ Tree */,
			);
			path = GTWAOF;
			sourceTree = "<group>";
		};
		37527E55185510CC0085556E /* Supporting Files */ = {
			isa = PBXGroup;
			children = (
				37527E56185510CC0085556E /* GTWAOF-Info.plist */,
				37527E57185510CC0085556E /* InfoPlist.strings */,
				37527E5A185510CC0085556E /* GTWAOF-Prefix.pch */,
			);
			name = "Supporting Files";
			sourceTree = "<group>";
		};
		37527E7418553F5B0085556E /* gtwaof */ = {
			isa = PBXGroup;
			children = (
				37527E8318558CE20085556E /* gtwaof.m */,
				37F18DF8187B1680007A2FD3 /* gtwaofutil.m */,
			);
			path = gtwaof;
			sourceTree = "<group>";
		};
		3758BB2818690095008B0185 /* Dictionary */ = {
			isa = PBXGroup;
			children = (
				37527E7F185584270085556E /* GTWAOFRawDictionary.h */,
				37527E80185584270085556E /* GTWAOFRawDictionary.m */,
			);
			name = Dictionary;
			sourceTree = "<group>";
		};
		3758BB29186900A8008B0185 /* Utilities */ = {
			isa = PBXGroup;
			children = (
				375A71B6185D6FA40060C151 /* GZIP.h */,
				375A71B7185D6FA40060C151 /* GZIP.m */,
				375B76DD186371A800F1CE1E /* NSData+GTWCompare.h */,
				375B76DE186371A800F1CE1E /* NSData+GTWCompare.m */,
				37708887186E5231003EC518 /* NSIndexSet+GTWIndexRange.h */,
				37708888186E5231003EC518 /* NSIndexSet+GTWIndexRange.m */,
				3770888C186E6B07003EC518 /* NSData+GTWTerm.h */,
				3770888D186E6B07003EC518 /* NSData+GTWTerm.m */,
			);
			name = Utilities;
			sourceTree = "<group>";
		};
		3758BB2A186900BC008B0185 /* Database Page Management */ = {
			isa = PBXGroup;
			children = (
				378627261856C34900CDC8A6 /* GTWAOFPage+GTWAOFLinkedPage.h */,
				378627271856C34900CDC8A6 /* GTWAOFPage+GTWAOFLinkedPage.m */,
				37527E6B18552F6D0085556E /* GTWAOFUpdateContext.h */,
				37527E6C18552F6D0085556E /* GTWAOFUpdateContext.m */,
				37527E681855177C0085556E /* GTWAOFDirectFile.h */,
				37527E691855177C0085556E /* GTWAOFDirectFile.m */,
				3757472A1874E060004265E7 /* GTWAOFMemoryMappedFile.h */,
				3757472B1874E060004265E7 /* GTWAOFMemoryMappedFile.m */,
				37528E80186F75A2004C5C1B /* GTWAOFMemory.h */,
				37528E81186F75A2004C5C1B /* GTWAOFMemory.m */,
				37527E65185515C10085556E /* GTWAOFPage.h */,
				37527E66185515C10085556E /* GTWAOFPage.m */,
			);
			name = "Database Page Management";
			sourceTree = "<group>";
		};
		3758BB2B18692561008B0185 /* B+ Tree */ = {
			isa = PBXGroup;
			children = (
				375B76D918626A8100F1CE1E /* GTWAOFBTreeNode.h */,
				375B76DA18626A8100F1CE1E /* GTWAOFBTreeNode.m */,
				375B76E11863A9B200F1CE1E /* GTWAOFBTree.h */,
				375B76E21863A9B200F1CE1E /* GTWAOFBTree.m */,
			);
			name = "B+ Tree";
			sourceTree = "<group>";
		};
		3758BB2C1869256E008B0185 /* Quads */ = {
			isa = PBXGroup;
			children = (
				37527E8F18564EE80085556E /* GTWAOFRawQuads.h */,
				37527E9018564EE80085556E /* GTWAOFRawQuads.m */,
			);
			name = Quads;
			sourceTree = "<group>";
		};
		3758BB2D18692577008B0185 /* Value */ = {
			isa = PBXGroup;
			children = (
				370F1300185F75BA00810F2F /* GTWAOFRawValue.h */,
				370F1301185F75BA00810F2F /* GTWAOFRawValue.m */,
			);
			name = Value;
			sourceTree = "<group>";
		};
		37BE5ABA187116CC0030A293 /* GTWAOF */ = {
			isa = PBXGroup;
			children = (
				37BE5ABB187116CC0030A293 /* Supporting Files */,
			);
			path = GTWAOF;
			sourceTree = "<group>";
		};
		37BE5ABB187116CC0030A293 /* Supporting Files */ = {
			isa = PBXGroup;
			children = (
				37BE5ABC187116CC0030A293 /* GTWAOF-Info.plist */,
				37BE5ABD187116CC0030A293 /* InfoPlist.strings */,
				37BE5AC0187116CC0030A293 /* GTWAOF-Prefix.pch */,
			);
			name = "Supporting Files";
			sourceTree = "<group>";
		};
		37FEA49D186407F800A0BCC2 /* GTWAOF Tests */ = {
			isa = PBXGroup;
			children = (
				37FEA4A3186407F800A0BCC2 /* GTWAOF_BTreeNode_Tests.m */,
				372CC39718665A4100265B32 /* GTWAOF_BTree_Tests.m */,
				37FEA49E186407F800A0BCC2 /* Supporting Files */,
			);
			path = "GTWAOF Tests";
			sourceTree = "<group>";
		};
		37FEA49E186407F800A0BCC2 /* Supporting Files */ = {
			isa = PBXGroup;
			children = (
				37FEA49F186407F800A0BCC2 /* GTWAOF Tests-Info.plist */,
				37FEA4A0186407F800A0BCC2 /* InfoPlist.strings */,
				37FEA4A5186407F800A0BCC2 /* GTWAOF Tests-Prefix.pch */,
				37F18DF2187B1664007A2FD3 /* gtwaofutil-Prefix.pch */,
			);
			name = "Supporting Files";
			sourceTree = "<group>";
		};
/* End PBXGroup section */

/* Begin PBXNativeTarget section */
		37527E7118553F5B0085556E /* gtwaof */ = {
			isa = PBXNativeTarget;
			buildConfigurationList = 37527E7918553F5B0085556E /* Build configuration list for PBXNativeTarget "gtwaof" */;
			buildPhases = (
				37527E6E18553F5B0085556E /* Sources */,
				37527E6F18553F5B0085556E /* Frameworks */,
				37527E7018553F5B0085556E /* CopyFiles */,
			);
			buildRules = (
			);
			dependencies = (
			);
			name = gtwaof;
			productName = gtwaof;
			productReference = 37527E7218553F5B0085556E /* gtwaof */;
			productType = "com.apple.product-type.tool";
		};
		37BE5AB7187116CC0030A293 /* GTWAOFQuadStore */ = {
			isa = PBXNativeTarget;
			buildConfigurationList = 37BE5AC1187116CC0030A293 /* Build configuration list for PBXNativeTarget "GTWAOFQuadStore" */;
			buildPhases = (
				37BE5AB4187116CC0030A293 /* Sources */,
				37BE5AB5187116CC0030A293 /* Frameworks */,
				37BE5AB6187116CC0030A293 /* Resources */,
			);
			buildRules = (
			);
			dependencies = (
			);
			name = GTWAOFQuadStore;
			productName = GTWAOF;
			productReference = 37BE5AB8187116CC0030A293 /* GTWAOFQuadStore.plugin */;
			productType = "com.apple.product-type.bundle";
		};
		37F18DEB187B1664007A2FD3 /* gtwaofutil */ = {
			isa = PBXNativeTarget;
			buildConfigurationList = 37F18DF7187B1664007A2FD3 /* Build configuration list for PBXNativeTarget "gtwaofutil" */;
			buildPhases = (
				37F18DE8187B1664007A2FD3 /* Sources */,
				37F18DE9187B1664007A2FD3 /* Frameworks */,
				37F18DEA187B1664007A2FD3 /* CopyFiles */,
			);
			buildRules = (
			);
			dependencies = (
			);
			name = gtwaofutil;
			productName = gtwaofutil;
			productReference = 37F18DEC187B1664007A2FD3 /* gtwaofutil */;
			productType = "com.apple.product-type.tool";
		};
		37FEA499186407F800A0BCC2 /* GTWAOF Tests */ = {
			isa = PBXNativeTarget;
			buildConfigurationList = 37FEA4AA186407F800A0BCC2 /* Build configuration list for PBXNativeTarget "GTWAOF Tests" */;
			buildPhases = (
				37FEA496186407F800A0BCC2 /* Sources */,
				37FEA497186407F800A0BCC2 /* Frameworks */,
				37FEA498186407F800A0BCC2 /* Resources */,
			);
			buildRules = (
			);
			dependencies = (
			);
			name = "GTWAOF Tests";
			productName = "GTWAOF Tests";
			productReference = 37FEA49A186407F800A0BCC2 /* GTWAOF Tests.xctest */;
			productType = "com.apple.product-type.bundle.unit-test";
		};
/* End PBXNativeTarget section */

/* Begin PBXProject section */
		37527E47185510CC0085556E /* Project object */ = {
			isa = PBXProject;
			attributes = {
				LastUpgradeCheck = 0500;
				ORGANIZATIONNAME = "Gregory Todd Williams";
				TargetAttributes = {
					37FEA499186407F800A0BCC2 = {
						TestTargetID = 37527E4E185510CC0085556E;
					};
				};
			};
			buildConfigurationList = 37527E4A185510CC0085556E /* Build configuration list for PBXProject "GTWAOF" */;
			compatibilityVersion = "Xcode 3.2";
			developmentRegion = English;
			hasScannedForEncodings = 0;
			knownRegions = (
				en,
			);
			mainGroup = 37527E46185510CC0085556E;
			productRefGroup = 37527E50185510CC0085556E /* Products */;
			projectDirPath = "";
			projectRoot = "";
			targets = (
				37527E7118553F5B0085556E /* gtwaof */,
				37FEA499186407F800A0BCC2 /* GTWAOF Tests */,
				37BE5AB7187116CC0030A293 /* GTWAOFQuadStore */,
				37F18DEB187B1664007A2FD3 /* gtwaofutil */,
			);
		};
/* End PBXProject section */

/* Begin PBXResourcesBuildPhase section */
		37BE5AB6187116CC0030A293 /* Resources */ = {
			isa = PBXResourcesBuildPhase;
			buildActionMask = 2147483647;
			files = (
				37BE5ABF187116CC0030A293 /* InfoPlist.strings in Resources */,
			);
			runOnlyForDeploymentPostprocessing = 0;
		};
		37FEA498186407F800A0BCC2 /* Resources */ = {
			isa = PBXResourcesBuildPhase;
			buildActionMask = 2147483647;
			files = (
				37FEA4A2186407F800A0BCC2 /* InfoPlist.strings in Resources */,
			);
			runOnlyForDeploymentPostprocessing = 0;
		};
/* End PBXResourcesBuildPhase section */

/* Begin PBXSourcesBuildPhase section */
		37527E6E18553F5B0085556E /* Sources */ = {
			isa = PBXSourcesBuildPhase;
			buildActionMask = 2147483647;
			files = (
				37527E82185584320085556E /* GTWAOFRawDictionary.m in Sources */,
				375A71B9185D6FA40060C151 /* GZIP.m in Sources */,
				375B76E41863A9B200F1CE1E /* GTWAOFBTree.m in Sources */,
				37528E8D186F7DFE004C5C1B /* GTWTermIDGenerator.m in Sources */,
				370F1303185F75BA00810F2F /* GTWAOFRawValue.m in Sources */,
				378627291856C34900CDC8A6 /* GTWAOFPage+GTWAOFLinkedPage.m in Sources */,
				375B76DC18626A8100F1CE1E /* GTWAOFBTreeNode.m in Sources */,
				3770888A186E5231003EC518 /* NSIndexSet+GTWIndexRange.m in Sources */,
				37527E9218564EE80085556E /* GTWAOFRawQuads.m in Sources */,
				37527E8518558CE20085556E /* gtwaof.m in Sources */,
				37BE5ADB187119BE0030A293 /* GTWAOFPlugin.m in Sources */,
				37527E96185682D20085556E /* GTWAOFQuadStore.m in Sources */,
				37528E83186F75A2004C5C1B /* GTWAOFMemory.m in Sources */,
				3757472C1874E060004265E7 /* GTWAOFMemoryMappedFile.m in Sources */,
				37527E7C18553F670085556E /* GTWAOFUpdateContext.m in Sources */,
				375B76E0186371A800F1CE1E /* NSData+GTWCompare.m in Sources */,
				37527E7D18553F670085556E /* GTWAOFDirectFile.m in Sources */,
				37527E7E18553F670085556E /* GTWAOFPage.m in Sources */,
				3770888F186E6B07003EC518 /* NSData+GTWTerm.m in Sources */,
			);
			runOnlyForDeploymentPostprocessing = 0;
		};
		37BE5AB4187116CC0030A293 /* Sources */ = {
			isa = PBXSourcesBuildPhase;
			buildActionMask = 2147483647;
			files = (
				37BE5AC91871174D0030A293 /* GTWAOFQuadStore.m in Sources */,
				37BE5ACA1871174D0030A293 /* GTWTermIDGenerator.m in Sources */,
				37BE5ACB1871174D0030A293 /* GTWAOFPage+GTWAOFLinkedPage.m in Sources */,
				37BE5ACC1871174D0030A293 /* GTWAOFUpdateContext.m in Sources */,
				37BE5ACD1871174D0030A293 /* GTWAOFDirectFile.m in Sources */,
				3757472E1874E060004265E7 /* GTWAOFMemoryMappedFile.m in Sources */,
				37BE5ACE1871174D0030A293 /* GTWAOFMemory.m in Sources */,
				37BE5ACF1871174D0030A293 /* GTWAOFPage.m in Sources */,
				37BE5AD01871174D0030A293 /* GTWAOFRawQuads.m in Sources */,
				37BE5AD11871174D0030A293 /* GTWAOFRawDictionary.m in Sources */,
				37BE5AD21871174D0030A293 /* GTWAOFRawValue.m in Sources */,
				37BE5AD31871174D0030A293 /* GZIP.m in Sources */,
				37BE5AD41871174D0030A293 /* NSData+GTWCompare.m in Sources */,
				37BE5AD51871174D0030A293 /* NSIndexSet+GTWIndexRange.m in Sources */,
				37BE5AD61871174D0030A293 /* NSData+GTWTerm.m in Sources */,
				37BE5ADD187119BE0030A293 /* GTWAOFPlugin.m in Sources */,
				37BE5AD71871174D0030A293 /* GTWAOFBTreeNode.m in Sources */,
				37BE5AD81871174D0030A293 /* GTWAOFBTree.m in Sources */,
			);
			runOnlyForDeploymentPostprocessing = 0;
		};
		37F18DE8187B1664007A2FD3 /* Sources */ = {
			isa = PBXSourcesBuildPhase;
			buildActionMask = 2147483647;
			files = (
				37F18DFA187B169B007A2FD3 /* GTWAOFPlugin.m in Sources */,
				37F18DFB187B169B007A2FD3 /* GTWAOFQuadStore.m in Sources */,
				37F18DFC187B169B007A2FD3 /* GTWTermIDGenerator.m in Sources */,
				37F18DFD187B169B007A2FD3 /* GTWAOFPage+GTWAOFLinkedPage.m in Sources */,
				37F18DFE187B169B007A2FD3 /* GTWAOFUpdateContext.m in Sources */,
				37F18DFF187B169B007A2FD3 /* GTWAOFDirectFile.m in Sources */,
				37F18E00187B169B007A2FD3 /* GTWAOFMemoryMappedFile.m in Sources */,
				37F18E01187B169B007A2FD3 /* GTWAOFMemory.m in Sources */,
				37F18E02187B169B007A2FD3 /* GTWAOFPage.m in Sources */,
				37F18E03187B169B007A2FD3 /* GTWAOFRawQuads.m in Sources */,
				37F18E04187B169B007A2FD3 /* GTWAOFRawDictionary.m in Sources */,
				37F18E05187B169B007A2FD3 /* GTWAOFRawValue.m in Sources */,
				37F18E06187B169B007A2FD3 /* GZIP.m in Sources */,
				37F18E07187B169B007A2FD3 /* NSData+GTWCompare.m in Sources */,
				37F18E08187B169B007A2FD3 /* NSIndexSet+GTWIndexRange.m in Sources */,
				37F18E09187B169B007A2FD3 /* NSData+GTWTerm.m in Sources */,
				37F18E0A187B169B007A2FD3 /* GTWAOFBTreeNode.m in Sources */,
				37F18E0B187B169B007A2FD3 /* GTWAOFBTree.m in Sources */,
				37F18DF9187B1680007A2FD3 /* gtwaofutil.m in Sources */,
			);
			runOnlyForDeploymentPostprocessing = 0;
		};
		37FEA496186407F800A0BCC2 /* Sources */ = {
			isa = PBXSourcesBuildPhase;
			buildActionMask = 2147483647;
			files = (
				372CC39818665A4100265B32 /* GTWAOF_BTree_Tests.m in Sources */,
				37528E8E186F7DFE004C5C1B /* GTWTermIDGenerator.m in Sources */,
				3770888B186E5231003EC518 /* NSIndexSet+GTWIndexRange.m in Sources */,
				37FEA4AD18640A9B00A0BCC2 /* GTWAOFQuadStore.m in Sources */,
				37FEA4AE18640A9B00A0BCC2 /* GTWAOFUpdateContext.m in Sources */,
				37FEA4AF18640A9B00A0BCC2 /* GTWAOFDirectFile.m in Sources */,
				37BE5ADC187119BE0030A293 /* GTWAOFPlugin.m in Sources */,
				37FEA4B018640A9B00A0BCC2 /* GTWAOFPage.m in Sources */,
				37FEA4B118640A9B00A0BCC2 /* GTWAOFRawDictionary.m in Sources */,
				37FEA4B218640A9B00A0BCC2 /* GTWAOFRawQuads.m in Sources */,
				37FEA4B318640A9B00A0BCC2 /* GTWAOFRawValue.m in Sources */,
				37FEA4B418640A9B00A0BCC2 /* GTWAOFPage+GTWAOFLinkedPage.m in Sources */,
				37FEA4B518640A9B00A0BCC2 /* GZIP.m in Sources */,
				37708890186E6B07003EC518 /* NSData+GTWTerm.m in Sources */,
				37FEA4B618640A9B00A0BCC2 /* NSData+GTWCompare.m in Sources */,
				3757472D1874E060004265E7 /* GTWAOFMemoryMappedFile.m in Sources */,
				37528E84186F75A2004C5C1B /* GTWAOFMemory.m in Sources */,
				37FEA4B718640A9B00A0BCC2 /* GTWAOFBTree.m in Sources */,
				37FEA4B818640A9B00A0BCC2 /* GTWAOFBTreeNode.m in Sources */,
				37FEA4A4186407F800A0BCC2 /* GTWAOF_BTreeNode_Tests.m in Sources */,
			);
			runOnlyForDeploymentPostprocessing = 0;
		};
/* End PBXSourcesBuildPhase section */

/* Begin PBXVariantGroup section */
		37527E57185510CC0085556E /* InfoPlist.strings */ = {
			isa = PBXVariantGroup;
			children = (
				37527E58185510CC0085556E /* en */,
			);
			name = InfoPlist.strings;
			sourceTree = "<group>";
		};
		37BE5ABD187116CC0030A293 /* InfoPlist.strings */ = {
			isa = PBXVariantGroup;
			children = (
				37BE5ABE187116CC0030A293 /* en */,
			);
			name = InfoPlist.strings;
			sourceTree = "<group>";
		};
		37FEA4A0186407F800A0BCC2 /* InfoPlist.strings */ = {
			isa = PBXVariantGroup;
			children = (
				37FEA4A1186407F800A0BCC2 /* en */,
			);
			name = InfoPlist.strings;
			sourceTree = "<group>";
		};
/* End PBXVariantGroup section */

/* Begin XCBuildConfiguration section */
		37527E5B185510CC0085556E /* Debug */ = {
			isa = XCBuildConfiguration;
			buildSettings = {
				ALWAYS_SEARCH_USER_PATHS = NO;
				CLANG_CXX_LANGUAGE_STANDARD = "gnu++0x";
				CLANG_CXX_LIBRARY = "libc++";
				CLANG_ENABLE_OBJC_ARC = YES;
				CLANG_WARN_BOOL_CONVERSION = YES;
				CLANG_WARN_CONSTANT_CONVERSION = YES;
				CLANG_WARN_DEPRECATED_OBJC_IMPLEMENTATIONS = YES;
				CLANG_WARN_DIRECT_OBJC_ISA_USAGE = YES_ERROR;
				CLANG_WARN_EMPTY_BODY = YES;
				CLANG_WARN_ENUM_CONVERSION = YES;
				CLANG_WARN_INT_CONVERSION = YES;
				CLANG_WARN_OBJC_EXPLICIT_OWNERSHIP_TYPE = YES;
				CLANG_WARN_OBJC_IMPLICIT_RETAIN_SELF = NO;
				CLANG_WARN_OBJC_MISSING_PROPERTY_SYNTHESIS = NO;
				CLANG_WARN_OBJC_RECEIVER_WEAK = YES;
				CLANG_WARN_OBJC_REPEATED_USE_OF_WEAK = YES;
				CLANG_WARN_OBJC_ROOT_CLASS = YES_ERROR;
				CLANG_WARN__DUPLICATE_METHOD_MATCH = YES;
				COPY_PHASE_STRIP = NO;
				GCC_C_LANGUAGE_STANDARD = gnu99;
				GCC_DYNAMIC_NO_PIC = NO;
				GCC_ENABLE_OBJC_EXCEPTIONS = YES;
				GCC_OPTIMIZATION_LEVEL = 0;
				GCC_PREPROCESSOR_DEFINITIONS = (
					"DEBUG=1",
					"$(inherited)",
				);
				GCC_SYMBOLS_PRIVATE_EXTERN = NO;
				GCC_TREAT_WARNINGS_AS_ERRORS = YES;
				GCC_WARN_64_TO_32_BIT_CONVERSION = YES;
				GCC_WARN_ABOUT_RETURN_TYPE = YES_ERROR;
				GCC_WARN_MULTIPLE_DEFINITION_TYPES_FOR_SELECTOR = YES;
				GCC_WARN_PEDANTIC = YES;
				GCC_WARN_STRICT_SELECTOR_MATCH = YES;
				GCC_WARN_UNDECLARED_SELECTOR = YES;
				GCC_WARN_UNINITIALIZED_AUTOS = YES;
				GCC_WARN_UNUSED_FUNCTION = YES;
				GCC_WARN_UNUSED_LABEL = YES;
				GCC_WARN_UNUSED_VARIABLE = YES;
				MACOSX_DEPLOYMENT_TARGET = 10.9;
				ONLY_ACTIVE_ARCH = YES;
				SDKROOT = macosx;
			};
			name = Debug;
		};
		37527E5C185510CC0085556E /* Release */ = {
			isa = XCBuildConfiguration;
			buildSettings = {
				ALWAYS_SEARCH_USER_PATHS = NO;
				CLANG_CXX_LANGUAGE_STANDARD = "gnu++0x";
				CLANG_CXX_LIBRARY = "libc++";
				CLANG_ENABLE_OBJC_ARC = YES;
				CLANG_WARN_BOOL_CONVERSION = YES;
				CLANG_WARN_CONSTANT_CONVERSION = YES;
				CLANG_WARN_DEPRECATED_OBJC_IMPLEMENTATIONS = YES;
				CLANG_WARN_DIRECT_OBJC_ISA_USAGE = YES_ERROR;
				CLANG_WARN_EMPTY_BODY = YES;
				CLANG_WARN_ENUM_CONVERSION = YES;
				CLANG_WARN_INT_CONVERSION = YES;
				CLANG_WARN_OBJC_EXPLICIT_OWNERSHIP_TYPE = YES;
				CLANG_WARN_OBJC_IMPLICIT_RETAIN_SELF = NO;
				CLANG_WARN_OBJC_MISSING_PROPERTY_SYNTHESIS = NO;
				CLANG_WARN_OBJC_RECEIVER_WEAK = YES;
				CLANG_WARN_OBJC_REPEATED_USE_OF_WEAK = YES;
				CLANG_WARN_OBJC_ROOT_CLASS = YES_ERROR;
				CLANG_WARN__DUPLICATE_METHOD_MATCH = YES;
				COPY_PHASE_STRIP = YES;
				DEBUG_INFORMATION_FORMAT = "dwarf-with-dsym";
				ENABLE_NS_ASSERTIONS = NO;
				GCC_C_LANGUAGE_STANDARD = gnu99;
				GCC_ENABLE_OBJC_EXCEPTIONS = YES;
				GCC_TREAT_WARNINGS_AS_ERRORS = YES;
				GCC_WARN_64_TO_32_BIT_CONVERSION = YES;
				GCC_WARN_ABOUT_RETURN_TYPE = YES_ERROR;
				GCC_WARN_MULTIPLE_DEFINITION_TYPES_FOR_SELECTOR = YES;
				GCC_WARN_PEDANTIC = YES;
				GCC_WARN_STRICT_SELECTOR_MATCH = YES;
				GCC_WARN_UNDECLARED_SELECTOR = YES;
				GCC_WARN_UNINITIALIZED_AUTOS = YES;
				GCC_WARN_UNUSED_FUNCTION = YES;
				GCC_WARN_UNUSED_LABEL = YES;
				GCC_WARN_UNUSED_VARIABLE = YES;
				MACOSX_DEPLOYMENT_TARGET = 10.9;
				SDKROOT = macosx;
			};
			name = Release;
		};
		37527E7A18553F5B0085556E /* Debug */ = {
			isa = XCBuildConfiguration;
			buildSettings = {
				DEPLOYMENT_LOCATION = YES;
				DSTROOT = /;
				FRAMEWORK_SEARCH_PATHS = (
					"$(inherited)",
					"$(USER_LIBRARY_DIR)/Frameworks",
				);
				GCC_PREPROCESSOR_DEFINITIONS = (
					"DEBUG=1",
					"$(inherited)",
				);
				LIBRARY_SEARCH_PATHS = (
					"$(inherited)",
					"$(SDKROOT)/usr/lib/system",
				);
				LLVM_VECTORIZE_LOOPS = NO;
				PRODUCT_NAME = "$(TARGET_NAME)";
			};
			name = Debug;
		};
		37527E7B18553F5B0085556E /* Release */ = {
			isa = XCBuildConfiguration;
			buildSettings = {
				DEPLOYMENT_LOCATION = YES;
				DSTROOT = /;
				FRAMEWORK_SEARCH_PATHS = (
					"$(inherited)",
					"$(USER_LIBRARY_DIR)/Frameworks",
				);
				GCC_OPTIMIZATION_LEVEL = fast;
				GCC_UNROLL_LOOPS = YES;
				LIBRARY_SEARCH_PATHS = (
					"$(inherited)",
					"$(SDKROOT)/usr/lib/system",
				);
				LLVM_LTO = YES;
				LLVM_VECTORIZE_LOOPS = YES;
				PRODUCT_NAME = "$(TARGET_NAME)";
			};
			name = Release;
		};
		37BE5AC2187116CC0030A293 /* Debug */ = {
			isa = XCBuildConfiguration;
			buildSettings = {
				COMBINE_HIDPI_IMAGES = YES;
				DEPLOYMENT_LOCATION = YES;
				DSTROOT = /;
				FRAMEWORK_SEARCH_PATHS = (
					"$(inherited)",
					"$(USER_LIBRARY_DIR)/Frameworks",
					"$(DEVELOPER_FRAMEWORKS_DIR)",
				);
				GCC_PRECOMPILE_PREFIX_HEADER = YES;
				GCC_PREFIX_HEADER = "GTWAOF/GTWAOF-Prefix.pch";
				GCC_PREPROCESSOR_DEFINITIONS = (
					"DEBUG=1",
					"$(inherited)",
				);
				INFOPLIST_FILE = "GTWAOF/GTWAOF-Info.plist";
				INSTALL_PATH = "$(USER_LIBRARY_DIR)/Application Support/SPARQLKit/PlugIns";
				PRODUCT_NAME = "$(TARGET_NAME)";
				WRAPPER_EXTENSION = plugin;
			};
			name = Debug;
		};
		37BE5AC3187116CC0030A293 /* Release */ = {
			isa = XCBuildConfiguration;
			buildSettings = {
				COMBINE_HIDPI_IMAGES = YES;
				DEPLOYMENT_LOCATION = YES;
				DSTROOT = /;
				FRAMEWORK_SEARCH_PATHS = (
					"$(inherited)",
					"$(USER_LIBRARY_DIR)/Frameworks",
					"$(DEVELOPER_FRAMEWORKS_DIR)",
				);
				GCC_PRECOMPILE_PREFIX_HEADER = YES;
				GCC_PREFIX_HEADER = "GTWAOF/GTWAOF-Prefix.pch";
				INFOPLIST_FILE = "GTWAOF/GTWAOF-Info.plist";
				INSTALL_PATH = "$(USER_LIBRARY_DIR)/Application Support/SPARQLKit/PlugIns";
				PRODUCT_NAME = "$(TARGET_NAME)";
				WRAPPER_EXTENSION = plugin;
			};
			name = Release;
		};
		37F18DF5187B1664007A2FD3 /* Debug */ = {
			isa = XCBuildConfiguration;
			buildSettings = {
				DEPLOYMENT_LOCATION = YES;
				DSTROOT = /;
				FRAMEWORK_SEARCH_PATHS = (
					"$(inherited)",
					"$(USER_LIBRARY_DIR)/Frameworks",
					"$(DEVELOPER_FRAMEWORKS_DIR)",
				);
				GCC_PRECOMPILE_PREFIX_HEADER = YES;
				GCC_PREFIX_HEADER = "gtwaofutil/gtwaofutil-Prefix.pch";
				GCC_PREPROCESSOR_DEFINITIONS = (
					"DEBUG=1",
					"$(inherited)",
				);
				PRODUCT_NAME = "$(TARGET_NAME)";
			};
			name = Debug;
		};
		37F18DF6187B1664007A2FD3 /* Release */ = {
			isa = XCBuildConfiguration;
			buildSettings = {
				DEPLOYMENT_LOCATION = YES;
				DSTROOT = /;
				FRAMEWORK_SEARCH_PATHS = (
					"$(inherited)",
					"$(USER_LIBRARY_DIR)/Frameworks",
					"$(DEVELOPER_FRAMEWORKS_DIR)",
				);
				GCC_PRECOMPILE_PREFIX_HEADER = YES;
				GCC_PREFIX_HEADER = "gtwaofutil/gtwaofutil-Prefix.pch";
				PRODUCT_NAME = "$(TARGET_NAME)";
			};
			name = Release;
		};
		37FEA4A8186407F800A0BCC2 /* Debug */ = {
			isa = XCBuildConfiguration;
			buildSettings = {
				FRAMEWORK_SEARCH_PATHS = (
					"$(DEVELOPER_FRAMEWORKS_DIR)",
					"$(inherited)",
					"$(USER_LIBRARY_DIR)/Frameworks",
				);
				GCC_C_LANGUAGE_STANDARD = "compiler-default";
				GCC_PRECOMPILE_PREFIX_HEADER = YES;
				GCC_PREFIX_HEADER = "GTWAOF Tests/GTWAOF Tests-Prefix.pch";
				GCC_PREPROCESSOR_DEFINITIONS = (
					"DEBUG=1",
					"$(inherited)",
				);
				GCC_TREAT_WARNINGS_AS_ERRORS = NO;
				GCC_WARN_MULTIPLE_DEFINITION_TYPES_FOR_SELECTOR = NO;
				GCC_WARN_PEDANTIC = NO;
				GCC_WARN_STRICT_SELECTOR_MATCH = YES;
				GCC_WARN_UNDECLARED_SELECTOR = NO;
				INFOPLIST_FILE = "GTWAOF Tests/GTWAOF Tests-Info.plist";
				LIBRARY_SEARCH_PATHS = (
					"$(inherited)",
					"$(SDKROOT)/usr/lib/system",
				);
				OTHER_CFLAGS = "-Wno-gnu";
				PRODUCT_NAME = "$(TARGET_NAME)";
				WRAPPER_EXTENSION = xctest;
			};
			name = Debug;
		};
		37FEA4A9186407F800A0BCC2 /* Release */ = {
			isa = XCBuildConfiguration;
			buildSettings = {
				FRAMEWORK_SEARCH_PATHS = (
					"$(DEVELOPER_FRAMEWORKS_DIR)",
					"$(inherited)",
					"$(USER_LIBRARY_DIR)/Frameworks",
				);
				GCC_C_LANGUAGE_STANDARD = "compiler-default";
				GCC_PRECOMPILE_PREFIX_HEADER = YES;
				GCC_PREFIX_HEADER = "GTWAOF Tests/GTWAOF Tests-Prefix.pch";
				GCC_TREAT_WARNINGS_AS_ERRORS = NO;
				GCC_WARN_MULTIPLE_DEFINITION_TYPES_FOR_SELECTOR = NO;
				GCC_WARN_PEDANTIC = NO;
				GCC_WARN_STRICT_SELECTOR_MATCH = YES;
				GCC_WARN_UNDECLARED_SELECTOR = NO;
				INFOPLIST_FILE = "GTWAOF Tests/GTWAOF Tests-Info.plist";
				LIBRARY_SEARCH_PATHS = (
					"$(inherited)",
					"$(SDKROOT)/usr/lib/system",
				);
				OTHER_CFLAGS = "-Wno-gnu";
				PRODUCT_NAME = "$(TARGET_NAME)";
				WRAPPER_EXTENSION = xctest;
			};
			name = Release;
		};
/* End XCBuildConfiguration section */

/* Begin XCConfigurationList section */
		37527E4A185510CC0085556E /* Build configuration list for PBXProject "GTWAOF" */ = {
			isa = XCConfigurationList;
			buildConfigurations = (
				37527E5B185510CC0085556E /* Debug */,
				37527E5C185510CC0085556E /* Release */,
			);
			defaultConfigurationIsVisible = 0;
			defaultConfigurationName = Release;
		};
		37527E7918553F5B0085556E /* Build configuration list for PBXNativeTarget "gtwaof" */ = {
			isa = XCConfigurationList;
			buildConfigurations = (
				37527E7A18553F5B0085556E /* Debug */,
				37527E7B18553F5B0085556E /* Release */,
			);
			defaultConfigurationIsVisible = 0;
			defaultConfigurationName = Release;
		};
		37BE5AC1187116CC0030A293 /* Build configuration list for PBXNativeTarget "GTWAOFQuadStore" */ = {
			isa = XCConfigurationList;
			buildConfigurations = (
				37BE5AC2187116CC0030A293 /* Debug */,
				37BE5AC3187116CC0030A293 /* Release */,
			);
			defaultConfigurationIsVisible = 0;
			defaultConfigurationName = Release;
		};
		37F18DF7187B1664007A2FD3 /* Build configuration list for PBXNativeTarget "gtwaofutil" */ = {
			isa = XCConfigurationList;
			buildConfigurations = (
				37F18DF5187B1664007A2FD3 /* Debug */,
				37F18DF6187B1664007A2FD3 /* Release */,
			);
			defaultConfigurationIsVisible = 0;
			defaultConfigurationName = Release;
		};
		37FEA4AA186407F800A0BCC2 /* Build configuration list for PBXNativeTarget "GTWAOF Tests" */ = {
			isa = XCConfigurationList;
			buildConfigurations = (
				37FEA4A8186407F800A0BCC2 /* Debug */,
				37FEA4A9186407F800A0BCC2 /* Release */,
			);
			defaultConfigurationIsVisible = 0;
			defaultConfigurationName = Release;
		};
/* End XCConfigurationList section */
	};
	rootObject = 37527E47185510CC0085556E /* Project object */;
}
